// !$*UTF8*$!
{
	archiveVersion = 1;
	classes = {
	};
	objectVersion = 46;
	objects = {

/* Begin PBXBuildFile section */
		4D0BEA3D16DA4CCA0070DA53 /* SVMoviesTableViewController.m in Sources */ = {isa = PBXBuildFile; fileRef = 4D0BEA3C16DA4CCA0070DA53 /* SVMoviesTableViewController.m */; };
		4D2FD4E216D66CEF00765DD9 /* SVSettingsLogOutView.m in Sources */ = {isa = PBXBuildFile; fileRef = 4D2FD4E116D66CEF00765DD9 /* SVSettingsLogOutView.m */; };
		4D77EF2316BBF73D00E1ADC3 /* SVTransaction.m in Sources */ = {isa = PBXBuildFile; fileRef = 4D77EF2216BBF73D00E1ADC3 /* SVTransaction.m */; };
		4D77EF2716BBFEFC00E1ADC3 /* SVQuery.m in Sources */ = {isa = PBXBuildFile; fileRef = 4D77EF2616BBFEFC00E1ADC3 /* SVQuery.m */; };
		4D77EF2916BC03E900E1ADC3 /* libsqlite3.dylib in Frameworks */ = {isa = PBXBuildFile; fileRef = 4D77EF2816BC03E900E1ADC3 /* libsqlite3.dylib */; };
		4D77EF3816BC208600E1ADC3 /* SVSettingsSignInView.m in Sources */ = {isa = PBXBuildFile; fileRef = 4D77EF3716BC208600E1ADC3 /* SVSettingsSignInView.m */; };
		4D96674316CFA5E70051C349 /* SVImageManager.m in Sources */ = {isa = PBXBuildFile; fileRef = 4D96674216CFA5E70051C349 /* SVImageManager.m */; };
		4DAE806116D79EA000DA09DC /* SVHelper.m in Sources */ = {isa = PBXBuildFile; fileRef = 4DAE806016D79EA000DA09DC /* SVHelper.m */; };
		4DD4630616B97FE10038FA89 /* UIKit.framework in Frameworks */ = {isa = PBXBuildFile; fileRef = 4DD4630516B97FE10038FA89 /* UIKit.framework */; };
		4DD4630816B97FE10038FA89 /* Foundation.framework in Frameworks */ = {isa = PBXBuildFile; fileRef = 4DD4630716B97FE10038FA89 /* Foundation.framework */; };
		4DD4630A16B97FE10038FA89 /* CoreGraphics.framework in Frameworks */ = {isa = PBXBuildFile; fileRef = 4DD4630916B97FE10038FA89 /* CoreGraphics.framework */; };
		4DD4631016B97FE10038FA89 /* InfoPlist.strings in Resources */ = {isa = PBXBuildFile; fileRef = 4DD4630E16B97FE10038FA89 /* InfoPlist.strings */; };
		4DD4631216B97FE10038FA89 /* main.m in Sources */ = {isa = PBXBuildFile; fileRef = 4DD4631116B97FE10038FA89 /* main.m */; };
		4DD4631616B97FE10038FA89 /* SVAppDelegate.m in Sources */ = {isa = PBXBuildFile; fileRef = 4DD4631516B97FE10038FA89 /* SVAppDelegate.m */; };
		4DD4631816B97FE20038FA89 /* Default.png in Resources */ = {isa = PBXBuildFile; fileRef = 4DD4631716B97FE20038FA89 /* Default.png */; };
		4DD4631A16B97FE20038FA89 /* Default@2x.png in Resources */ = {isa = PBXBuildFile; fileRef = 4DD4631916B97FE20038FA89 /* Default@2x.png */; };
		4DD4631C16B97FE20038FA89 /* Default-568h@2x.png in Resources */ = {isa = PBXBuildFile; fileRef = 4DD4631B16B97FE20038FA89 /* Default-568h@2x.png */; };
		4DD4632416B981A10038FA89 /* SVRootViewController.m in Sources */ = {isa = PBXBuildFile; fileRef = 4DD4632316B981A10038FA89 /* SVRootViewController.m */; };
		4DD4632716B981B00038FA89 /* SVSettingsViewController.m in Sources */ = {isa = PBXBuildFile; fileRef = 4DD4632616B981B00038FA89 /* SVSettingsViewController.m */; };
		4DD4632A16B981BD0038FA89 /* SVMoviesViewController.m in Sources */ = {isa = PBXBuildFile; fileRef = 4DD4632916B981BD0038FA89 /* SVMoviesViewController.m */; };
		4DD4632D16B981D70038FA89 /* SVDatabase.m in Sources */ = {isa = PBXBuildFile; fileRef = 4DD4632C16B981D70038FA89 /* SVDatabase.m */; };
		4DD4633016B981E40038FA89 /* SVMoviesSyncManager.m in Sources */ = {isa = PBXBuildFile; fileRef = 4DD4632F16B981E40038FA89 /* SVMoviesSyncManager.m */; };
		4DD4634016B983000038FA89 /* SVTmdbWatchListRequest.m in Sources */ = {isa = PBXBuildFile; fileRef = 4DD4633F16B983000038FA89 /* SVTmdbWatchListRequest.m */; };
		4DD4634316B983470038FA89 /* SVRTDvdReleaseDateRequest.m in Sources */ = {isa = PBXBuildFile; fileRef = 4DD4634216B983470038FA89 /* SVRTDvdReleaseDateRequest.m */; };
		4DD4634616B983560038FA89 /* SVJsonRequest.m in Sources */ = {isa = PBXBuildFile; fileRef = 4DD4634516B983560038FA89 /* SVJsonRequest.m */; };
		4DD4634916B983610038FA89 /* SVFileManager.m in Sources */ = {isa = PBXBuildFile; fileRef = 4DD4634816B983610038FA89 /* SVFileManager.m */; };
		4DD4634C16B9836E0038FA89 /* SVMovie.m in Sources */ = {isa = PBXBuildFile; fileRef = 4DD4634B16B9836E0038FA89 /* SVMovie.m */; };
		4DD4635516B9839F0038FA89 /* SVMoviesLoadingView.m in Sources */ = {isa = PBXBuildFile; fileRef = 4DD4635416B9839F0038FA89 /* SVMoviesLoadingView.m */; };
		4DD4635816B983AA0038FA89 /* SVMoviesTopView.m in Sources */ = {isa = PBXBuildFile; fileRef = 4DD4635716B983AA0038FA89 /* SVMoviesTopView.m */; };
		4DD4635B16B983C90038FA89 /* SVMovieTableViewCell.m in Sources */ = {isa = PBXBuildFile; fileRef = 4DD4635A16B983C80038FA89 /* SVMovieTableViewCell.m */; };
		4DDA2FFC16D54DD5006CE8C8 /* button@2x.png in Resources */ = {isa = PBXBuildFile; fileRef = 4DDA2FF616D54DD5006CE8C8 /* button@2x.png */; };
		4DDA2FFD16D54DD5006CE8C8 /* dvd_overlay@2x.png in Resources */ = {isa = PBXBuildFile; fileRef = 4DDA2FF716D54DD5006CE8C8 /* dvd_overlay@2x.png */; };
		4DDA2FFE16D54DD5006CE8C8 /* error_icon@2x.png in Resources */ = {isa = PBXBuildFile; fileRef = 4DDA2FF816D54DD5006CE8C8 /* error_icon@2x.png */; };
		4DDA2FFF16D54DD5006CE8C8 /* home_button@2x.png in Resources */ = {isa = PBXBuildFile; fileRef = 4DDA2FF916D54DD5006CE8C8 /* home_button@2x.png */; };
		4DDA300016D54DD5006CE8C8 /* background@2x.png in Resources */ = {isa = PBXBuildFile; fileRef = 4DDA2FFA16D54DD5006CE8C8 /* background@2x.png */; };
		4DDA300116D54DD5006CE8C8 /* settings_button@2x.png in Resources */ = {isa = PBXBuildFile; fileRef = 4DDA2FFB16D54DD5006CE8C8 /* settings_button@2x.png */; };
/* End PBXBuildFile section */

/* Begin PBXFileReference section */
		4D0BEA3B16DA4CCA0070DA53 /* SVMoviesTableViewController.h */ = {isa = PBXFileReference; fileEncoding = 4; lastKnownFileType = sourcecode.c.h; path = SVMoviesTableViewController.h; sourceTree = "<group>"; };
		4D0BEA3C16DA4CCA0070DA53 /* SVMoviesTableViewController.m */ = {isa = PBXFileReference; fileEncoding = 4; lastKnownFileType = sourcecode.c.objc; path = SVMoviesTableViewController.m; sourceTree = "<group>"; };
		4D2FD4E016D66CEF00765DD9 /* SVSettingsLogOutView.h */ = {isa = PBXFileReference; fileEncoding = 4; lastKnownFileType = sourcecode.c.h; path = SVSettingsLogOutView.h; sourceTree = "<group>"; };
		4D2FD4E116D66CEF00765DD9 /* SVSettingsLogOutView.m */ = {isa = PBXFileReference; fileEncoding = 4; lastKnownFileType = sourcecode.c.objc; path = SVSettingsLogOutView.m; sourceTree = "<group>"; };
		4D77EF2116BBF73D00E1ADC3 /* SVTransaction.h */ = {isa = PBXFileReference; fileEncoding = 4; lastKnownFileType = sourcecode.c.h; path = SVTransaction.h; sourceTree = "<group>"; };
		4D77EF2216BBF73D00E1ADC3 /* SVTransaction.m */ = {isa = PBXFileReference; fileEncoding = 4; lastKnownFileType = sourcecode.c.objc; path = SVTransaction.m; sourceTree = "<group>"; };
		4D77EF2516BBFEFC00E1ADC3 /* SVQuery.h */ = {isa = PBXFileReference; fileEncoding = 4; lastKnownFileType = sourcecode.c.h; path = SVQuery.h; sourceTree = "<group>"; };
		4D77EF2616BBFEFC00E1ADC3 /* SVQuery.m */ = {isa = PBXFileReference; fileEncoding = 4; lastKnownFileType = sourcecode.c.objc; path = SVQuery.m; sourceTree = "<group>"; };
		4D77EF2816BC03E900E1ADC3 /* libsqlite3.dylib */ = {isa = PBXFileReference; lastKnownFileType = "compiled.mach-o.dylib"; name = libsqlite3.dylib; path = usr/lib/libsqlite3.dylib; sourceTree = SDKROOT; };
		4D77EF3616BC208600E1ADC3 /* SVSettingsSignInView.h */ = {isa = PBXFileReference; fileEncoding = 4; lastKnownFileType = sourcecode.c.h; path = SVSettingsSignInView.h; sourceTree = "<group>"; };
		4D77EF3716BC208600E1ADC3 /* SVSettingsSignInView.m */ = {isa = PBXFileReference; fileEncoding = 4; lastKnownFileType = sourcecode.c.objc; path = SVSettingsSignInView.m; sourceTree = "<group>"; };
		4D96674116CFA5E70051C349 /* SVImageManager.h */ = {isa = PBXFileReference; fileEncoding = 4; lastKnownFileType = sourcecode.c.h; path = SVImageManager.h; sourceTree = "<group>"; };
		4D96674216CFA5E70051C349 /* SVImageManager.m */ = {isa = PBXFileReference; fileEncoding = 4; lastKnownFileType = sourcecode.c.objc; path = SVImageManager.m; sourceTree = "<group>"; };
		4DAE805F16D79EA000DA09DC /* SVHelper.h */ = {isa = PBXFileReference; fileEncoding = 4; lastKnownFileType = sourcecode.c.h; path = SVHelper.h; sourceTree = "<group>"; };
		4DAE806016D79EA000DA09DC /* SVHelper.m */ = {isa = PBXFileReference; fileEncoding = 4; lastKnownFileType = sourcecode.c.objc; path = SVHelper.m; sourceTree = "<group>"; };
		4DD4630116B97FE10038FA89 /* Movies.app */ = {isa = PBXFileReference; explicitFileType = wrapper.application; includeInIndex = 0; path = Movies.app; sourceTree = BUILT_PRODUCTS_DIR; };
		4DD4630516B97FE10038FA89 /* UIKit.framework */ = {isa = PBXFileReference; lastKnownFileType = wrapper.framework; name = UIKit.framework; path = System/Library/Frameworks/UIKit.framework; sourceTree = SDKROOT; };
		4DD4630716B97FE10038FA89 /* Foundation.framework */ = {isa = PBXFileReference; lastKnownFileType = wrapper.framework; name = Foundation.framework; path = System/Library/Frameworks/Foundation.framework; sourceTree = SDKROOT; };
		4DD4630916B97FE10038FA89 /* CoreGraphics.framework */ = {isa = PBXFileReference; lastKnownFileType = wrapper.framework; name = CoreGraphics.framework; path = System/Library/Frameworks/CoreGraphics.framework; sourceTree = SDKROOT; };
		4DD4630D16B97FE10038FA89 /* Movies-Info.plist */ = {isa = PBXFileReference; lastKnownFileType = text.plist.xml; path = "Movies-Info.plist"; sourceTree = "<group>"; };
		4DD4630F16B97FE10038FA89 /* en */ = {isa = PBXFileReference; lastKnownFileType = text.plist.strings; name = en; path = en.lproj/InfoPlist.strings; sourceTree = "<group>"; };
		4DD4631116B97FE10038FA89 /* main.m */ = {isa = PBXFileReference; lastKnownFileType = sourcecode.c.objc; path = main.m; sourceTree = "<group>"; };
		4DD4631316B97FE10038FA89 /* Movies-Prefix.pch */ = {isa = PBXFileReference; lastKnownFileType = sourcecode.c.h; path = "Movies-Prefix.pch"; sourceTree = "<group>"; };
		4DD4631416B97FE10038FA89 /* SVAppDelegate.h */ = {isa = PBXFileReference; lastKnownFileType = sourcecode.c.h; path = SVAppDelegate.h; sourceTree = "<group>"; };
		4DD4631516B97FE10038FA89 /* SVAppDelegate.m */ = {isa = PBXFileReference; lastKnownFileType = sourcecode.c.objc; path = SVAppDelegate.m; sourceTree = "<group>"; };
		4DD4631716B97FE20038FA89 /* Default.png */ = {isa = PBXFileReference; lastKnownFileType = image.png; path = Default.png; sourceTree = "<group>"; };
		4DD4631916B97FE20038FA89 /* Default@2x.png */ = {isa = PBXFileReference; lastKnownFileType = image.png; path = "Default@2x.png"; sourceTree = "<group>"; };
		4DD4631B16B97FE20038FA89 /* Default-568h@2x.png */ = {isa = PBXFileReference; lastKnownFileType = image.png; path = "Default-568h@2x.png"; sourceTree = "<group>"; };
		4DD4632216B981A10038FA89 /* SVRootViewController.h */ = {isa = PBXFileReference; fileEncoding = 4; lastKnownFileType = sourcecode.c.h; path = SVRootViewController.h; sourceTree = "<group>"; };
		4DD4632316B981A10038FA89 /* SVRootViewController.m */ = {isa = PBXFileReference; fileEncoding = 4; lastKnownFileType = sourcecode.c.objc; path = SVRootViewController.m; sourceTree = "<group>"; };
		4DD4632516B981B00038FA89 /* SVSettingsViewController.h */ = {isa = PBXFileReference; fileEncoding = 4; lastKnownFileType = sourcecode.c.h; path = SVSettingsViewController.h; sourceTree = "<group>"; };
		4DD4632616B981B00038FA89 /* SVSettingsViewController.m */ = {isa = PBXFileReference; fileEncoding = 4; lastKnownFileType = sourcecode.c.objc; path = SVSettingsViewController.m; sourceTree = "<group>"; };
		4DD4632816B981BD0038FA89 /* SVMoviesViewController.h */ = {isa = PBXFileReference; fileEncoding = 4; lastKnownFileType = sourcecode.c.h; path = SVMoviesViewController.h; sourceTree = "<group>"; };
		4DD4632916B981BD0038FA89 /* SVMoviesViewController.m */ = {isa = PBXFileReference; fileEncoding = 4; lastKnownFileType = sourcecode.c.objc; path = SVMoviesViewController.m; sourceTree = "<group>"; };
		4DD4632B16B981D70038FA89 /* SVDatabase.h */ = {isa = PBXFileReference; fileEncoding = 4; lastKnownFileType = sourcecode.c.h; path = SVDatabase.h; sourceTree = "<group>"; };
		4DD4632C16B981D70038FA89 /* SVDatabase.m */ = {isa = PBXFileReference; fileEncoding = 4; lastKnownFileType = sourcecode.c.objc; path = SVDatabase.m; sourceTree = "<group>"; };
		4DD4632E16B981E40038FA89 /* SVMoviesSyncManager.h */ = {isa = PBXFileReference; fileEncoding = 4; lastKnownFileType = sourcecode.c.h; path = SVMoviesSyncManager.h; sourceTree = "<group>"; };
		4DD4632F16B981E40038FA89 /* SVMoviesSyncManager.m */ = {isa = PBXFileReference; fileEncoding = 4; lastKnownFileType = sourcecode.c.objc; path = SVMoviesSyncManager.m; sourceTree = "<group>"; };
		4DD4633E16B983000038FA89 /* SVTmdbWatchListRequest.h */ = {isa = PBXFileReference; fileEncoding = 4; lastKnownFileType = sourcecode.c.h; path = SVTmdbWatchListRequest.h; sourceTree = "<group>"; };
		4DD4633F16B983000038FA89 /* SVTmdbWatchListRequest.m */ = {isa = PBXFileReference; fileEncoding = 4; lastKnownFileType = sourcecode.c.objc; path = SVTmdbWatchListRequest.m; sourceTree = "<group>"; };
		4DD4634116B983470038FA89 /* SVRTDvdReleaseDateRequest.h */ = {isa = PBXFileReference; fileEncoding = 4; lastKnownFileType = sourcecode.c.h; path = SVRTDvdReleaseDateRequest.h; sourceTree = "<group>"; };
		4DD4634216B983470038FA89 /* SVRTDvdReleaseDateRequest.m */ = {isa = PBXFileReference; fileEncoding = 4; lastKnownFileType = sourcecode.c.objc; path = SVRTDvdReleaseDateRequest.m; sourceTree = "<group>"; };
		4DD4634416B983560038FA89 /* SVJsonRequest.h */ = {isa = PBXFileReference; fileEncoding = 4; lastKnownFileType = sourcecode.c.h; path = SVJsonRequest.h; sourceTree = "<group>"; };
		4DD4634516B983560038FA89 /* SVJsonRequest.m */ = {isa = PBXFileReference; fileEncoding = 4; lastKnownFileType = sourcecode.c.objc; path = SVJsonRequest.m; sourceTree = "<group>"; };
		4DD4634716B983610038FA89 /* SVFileManager.h */ = {isa = PBXFileReference; fileEncoding = 4; lastKnownFileType = sourcecode.c.h; path = SVFileManager.h; sourceTree = "<group>"; };
		4DD4634816B983610038FA89 /* SVFileManager.m */ = {isa = PBXFileReference; fileEncoding = 4; lastKnownFileType = sourcecode.c.objc; path = SVFileManager.m; sourceTree = "<group>"; };
		4DD4634A16B9836E0038FA89 /* SVMovie.h */ = {isa = PBXFileReference; fileEncoding = 4; lastKnownFileType = sourcecode.c.h; path = SVMovie.h; sourceTree = "<group>"; };
		4DD4634B16B9836E0038FA89 /* SVMovie.m */ = {isa = PBXFileReference; fileEncoding = 4; lastKnownFileType = sourcecode.c.objc; path = SVMovie.m; sourceTree = "<group>"; };
		4DD4635316B9839F0038FA89 /* SVMoviesLoadingView.h */ = {isa = PBXFileReference; fileEncoding = 4; lastKnownFileType = sourcecode.c.h; path = SVMoviesLoadingView.h; sourceTree = "<group>"; };
		4DD4635416B9839F0038FA89 /* SVMoviesLoadingView.m */ = {isa = PBXFileReference; fileEncoding = 4; lastKnownFileType = sourcecode.c.objc; path = SVMoviesLoadingView.m; sourceTree = "<group>"; };
		4DD4635616B983AA0038FA89 /* SVMoviesTopView.h */ = {isa = PBXFileReference; fileEncoding = 4; lastKnownFileType = sourcecode.c.h; path = SVMoviesTopView.h; sourceTree = "<group>"; };
		4DD4635716B983AA0038FA89 /* SVMoviesTopView.m */ = {isa = PBXFileReference; fileEncoding = 4; lastKnownFileType = sourcecode.c.objc; path = SVMoviesTopView.m; sourceTree = "<group>"; };
		4DD4635916B983C80038FA89 /* SVMovieTableViewCell.h */ = {isa = PBXFileReference; fileEncoding = 4; lastKnownFileType = sourcecode.c.h; path = SVMovieTableViewCell.h; sourceTree = "<group>"; };
		4DD4635A16B983C80038FA89 /* SVMovieTableViewCell.m */ = {isa = PBXFileReference; fileEncoding = 4; lastKnownFileType = sourcecode.c.objc; path = SVMovieTableViewCell.m; sourceTree = "<group>"; };
		4DDA2FF616D54DD5006CE8C8 /* button@2x.png */ = {isa = PBXFileReference; lastKnownFileType = image.png; path = "button@2x.png"; sourceTree = "<group>"; };
		4DDA2FF716D54DD5006CE8C8 /* dvd_overlay@2x.png */ = {isa = PBXFileReference; lastKnownFileType = image.png; path = "dvd_overlay@2x.png"; sourceTree = "<group>"; };
		4DDA2FF816D54DD5006CE8C8 /* error_icon@2x.png */ = {isa = PBXFileReference; lastKnownFileType = image.png; path = "error_icon@2x.png"; sourceTree = "<group>"; };
		4DDA2FF916D54DD5006CE8C8 /* home_button@2x.png */ = {isa = PBXFileReference; lastKnownFileType = image.png; path = "home_button@2x.png"; sourceTree = "<group>"; };
		4DDA2FFA16D54DD5006CE8C8 /* background@2x.png */ = {isa = PBXFileReference; lastKnownFileType = image.png; path = "background@2x.png"; sourceTree = "<group>"; };
		4DDA2FFB16D54DD5006CE8C8 /* settings_button@2x.png */ = {isa = PBXFileReference; lastKnownFileType = image.png; path = "settings_button@2x.png"; sourceTree = "<group>"; };
/* End PBXFileReference section */

/* Begin PBXFrameworksBuildPhase section */
		4DD462FE16B97FE10038FA89 /* Frameworks */ = {
			isa = PBXFrameworksBuildPhase;
			buildActionMask = 2147483647;
			files = (
				4D77EF2916BC03E900E1ADC3 /* libsqlite3.dylib in Frameworks */,
				4DD4630616B97FE10038FA89 /* UIKit.framework in Frameworks */,
				4DD4630816B97FE10038FA89 /* Foundation.framework in Frameworks */,
				4DD4630A16B97FE10038FA89 /* CoreGraphics.framework in Frameworks */,
			);
			runOnlyForDeploymentPostprocessing = 0;
		};
/* End PBXFrameworksBuildPhase section */

/* Begin PBXGroup section */
		4DD462F616B97FE10038FA89 = {
			isa = PBXGroup;
			children = (
				4DD4630B16B97FE10038FA89 /* Movies */,
				4DD4630416B97FE10038FA89 /* Frameworks */,
				4DD4630216B97FE10038FA89 /* Products */,
			);
			sourceTree = "<group>";
		};
		4DD4630216B97FE10038FA89 /* Products */ = {
			isa = PBXGroup;
			children = (
				4DD4630116B97FE10038FA89 /* Movies.app */,
			);
			name = Products;
			sourceTree = "<group>";
		};
		4DD4630416B97FE10038FA89 /* Frameworks */ = {
			isa = PBXGroup;
			children = (
				4D77EF2816BC03E900E1ADC3 /* libsqlite3.dylib */,
				4DD4630516B97FE10038FA89 /* UIKit.framework */,
				4DD4630716B97FE10038FA89 /* Foundation.framework */,
				4DD4630916B97FE10038FA89 /* CoreGraphics.framework */,
			);
			name = Frameworks;
			sourceTree = "<group>";
		};
		4DD4630B16B97FE10038FA89 /* Movies */ = {
			isa = PBXGroup;
			children = (
				4DD4635C16B983D90038FA89 /* Models */,
				4DD4635D16B983EE0038FA89 /* Controllers */,
				4DD4635E16B984090038FA89 /* Views */,
				4DD4636016B9842C0038FA89 /* Helpers */,
				4DD4630C16B97FE10038FA89 /* Supporting Files */,
			);
			path = Movies;
			sourceTree = "<group>";
		};
		4DD4630C16B97FE10038FA89 /* Supporting Files */ = {
			isa = PBXGroup;
			children = (
				4DDA2FF516D54DC8006CE8C8 /* Images */,
				4DD4630D16B97FE10038FA89 /* Movies-Info.plist */,
				4DD4630E16B97FE10038FA89 /* InfoPlist.strings */,
				4DD4631116B97FE10038FA89 /* main.m */,
				4DD4631316B97FE10038FA89 /* Movies-Prefix.pch */,
				4DD4631716B97FE20038FA89 /* Default.png */,
				4DD4631916B97FE20038FA89 /* Default@2x.png */,
				4DD4631B16B97FE20038FA89 /* Default-568h@2x.png */,
			);
			name = "Supporting Files";
			sourceTree = "<group>";
		};
		4DD4635C16B983D90038FA89 /* Models */ = {
			isa = PBXGroup;
			children = (
				4DD4634A16B9836E0038FA89 /* SVMovie.h */,
				4DD4634B16B9836E0038FA89 /* SVMovie.m */,
			);
			name = Models;
			sourceTree = "<group>";
		};
		4DD4635D16B983EE0038FA89 /* Controllers */ = {
			isa = PBXGroup;
			children = (
				4DD4631416B97FE10038FA89 /* SVAppDelegate.h */,
				4DD4631516B97FE10038FA89 /* SVAppDelegate.m */,
				4DD4632216B981A10038FA89 /* SVRootViewController.h */,
				4DD4632316B981A10038FA89 /* SVRootViewController.m */,
				4DD4632516B981B00038FA89 /* SVSettingsViewController.h */,
				4DD4632616B981B00038FA89 /* SVSettingsViewController.m */,
				4DD4632816B981BD0038FA89 /* SVMoviesViewController.h */,
				4DD4632916B981BD0038FA89 /* SVMoviesViewController.m */,
				4D0BEA3B16DA4CCA0070DA53 /* SVMoviesTableViewController.h */,
				4D0BEA3C16DA4CCA0070DA53 /* SVMoviesTableViewController.m */,
			);
			name = Controllers;
			sourceTree = "<group>";
		};
		4DD4635E16B984090038FA89 /* Views */ = {
			isa = PBXGroup;
			children = (
				4DD4635316B9839F0038FA89 /* SVMoviesLoadingView.h */,
				4DD4635416B9839F0038FA89 /* SVMoviesLoadingView.m */,
				4DD4635616B983AA0038FA89 /* SVMoviesTopView.h */,
				4DD4635716B983AA0038FA89 /* SVMoviesTopView.m */,
				4DD4635916B983C80038FA89 /* SVMovieTableViewCell.h */,
				4DD4635A16B983C80038FA89 /* SVMovieTableViewCell.m */,
				4D77EF3616BC208600E1ADC3 /* SVSettingsSignInView.h */,
				4D77EF3716BC208600E1ADC3 /* SVSettingsSignInView.m */,
				4D2FD4E016D66CEF00765DD9 /* SVSettingsLogOutView.h */,
				4D2FD4E116D66CEF00765DD9 /* SVSettingsLogOutView.m */,
			);
			name = Views;
			sourceTree = "<group>";
		};
		4DD4635F16B984150038FA89 /* Requests */ = {
			isa = PBXGroup;
			children = (
				4DD4633E16B983000038FA89 /* SVTmdbWatchListRequest.h */,
				4DD4633F16B983000038FA89 /* SVTmdbWatchListRequest.m */,
				4DD4634116B983470038FA89 /* SVRTDvdReleaseDateRequest.h */,
				4DD4634216B983470038FA89 /* SVRTDvdReleaseDateRequest.m */,
				4DD4634416B983560038FA89 /* SVJsonRequest.h */,
				4DD4634516B983560038FA89 /* SVJsonRequest.m */,
			);
			name = Requests;
			sourceTree = "<group>";
		};
		4DD4636016B9842C0038FA89 /* Helpers */ = {
			isa = PBXGroup;
			children = (
				4DD4636216B984450038FA89 /* Wrappers */,
				4DD4636116B984350038FA89 /* Managers */,
				4DD4635F16B984150038FA89 /* Requests */,
				4DAE805F16D79EA000DA09DC /* SVHelper.h */,
				4DAE806016D79EA000DA09DC /* SVHelper.m */,
			);
			name = Helpers;
			sourceTree = "<group>";
		};
		4DD4636116B984350038FA89 /* Managers */ = {
			isa = PBXGroup;
			children = (
				4DD4632E16B981E40038FA89 /* SVMoviesSyncManager.h */,
				4DD4632F16B981E40038FA89 /* SVMoviesSyncManager.m */,
				4DD4634716B983610038FA89 /* SVFileManager.h */,
				4DD4634816B983610038FA89 /* SVFileManager.m */,
				4D96674116CFA5E70051C349 /* SVImageManager.h */,
				4D96674216CFA5E70051C349 /* SVImageManager.m */,
			);
			name = Managers;
			sourceTree = "<group>";
		};
		4DD4636216B984450038FA89 /* Wrappers */ = {
			isa = PBXGroup;
			children = (
				4DD4632B16B981D70038FA89 /* SVDatabase.h */,
				4DD4632C16B981D70038FA89 /* SVDatabase.m */,
				4D77EF2116BBF73D00E1ADC3 /* SVTransaction.h */,
				4D77EF2216BBF73D00E1ADC3 /* SVTransaction.m */,
				4D77EF2516BBFEFC00E1ADC3 /* SVQuery.h */,
				4D77EF2616BBFEFC00E1ADC3 /* SVQuery.m */,
			);
			name = Wrappers;
			sourceTree = "<group>";
		};
		4DDA2FF516D54DC8006CE8C8 /* Images */ = {
			isa = PBXGroup;
			children = (
				4DDA2FF616D54DD5006CE8C8 /* button@2x.png */,
				4DDA2FF716D54DD5006CE8C8 /* dvd_overlay@2x.png */,
				4DDA2FF816D54DD5006CE8C8 /* error_icon@2x.png */,
				4DDA2FF916D54DD5006CE8C8 /* home_button@2x.png */,
				4DDA2FFA16D54DD5006CE8C8 /* background@2x.png */,
				4DDA2FFB16D54DD5006CE8C8 /* settings_button@2x.png */,
			);
			name = Images;
			sourceTree = "<group>";
		};
/* End PBXGroup section */

/* Begin PBXNativeTarget section */
		4DD4630016B97FE10038FA89 /* Movies */ = {
			isa = PBXNativeTarget;
			buildConfigurationList = 4DD4631F16B97FE20038FA89 /* Build configuration list for PBXNativeTarget "Movies" */;
			buildPhases = (
				4DD462FD16B97FE10038FA89 /* Sources */,
				4DD462FE16B97FE10038FA89 /* Frameworks */,
				4DD462FF16B97FE10038FA89 /* Resources */,
			);
			buildRules = (
			);
			dependencies = (
			);
			name = Movies;
			productName = Movies;
			productReference = 4DD4630116B97FE10038FA89 /* Movies.app */;
			productType = "com.apple.product-type.application";
		};
/* End PBXNativeTarget section */

/* Begin PBXProject section */
		4DD462F816B97FE10038FA89 /* Project object */ = {
			isa = PBXProject;
			attributes = {
				CLASSPREFIX = SV;
				LastUpgradeCheck = 0450;
				ORGANIZATIONNAME = "Sébastien Villar";
			};
			buildConfigurationList = 4DD462FB16B97FE10038FA89 /* Build configuration list for PBXProject "Movies" */;
			compatibilityVersion = "Xcode 3.2";
			developmentRegion = English;
			hasScannedForEncodings = 0;
			knownRegions = (
				en,
			);
			mainGroup = 4DD462F616B97FE10038FA89;
			productRefGroup = 4DD4630216B97FE10038FA89 /* Products */;
			projectDirPath = "";
			projectRoot = "";
			targets = (
				4DD4630016B97FE10038FA89 /* Movies */,
			);
		};
/* End PBXProject section */

/* Begin PBXResourcesBuildPhase section */
		4DD462FF16B97FE10038FA89 /* Resources */ = {
			isa = PBXResourcesBuildPhase;
			buildActionMask = 2147483647;
			files = (
				4DD4631016B97FE10038FA89 /* InfoPlist.strings in Resources */,
				4DD4631816B97FE20038FA89 /* Default.png in Resources */,
				4DD4631A16B97FE20038FA89 /* Default@2x.png in Resources */,
				4DD4631C16B97FE20038FA89 /* Default-568h@2x.png in Resources */,
				4DDA2FFC16D54DD5006CE8C8 /* button@2x.png in Resources */,
				4DDA2FFD16D54DD5006CE8C8 /* dvd_overlay@2x.png in Resources */,
				4DDA2FFE16D54DD5006CE8C8 /* error_icon@2x.png in Resources */,
				4DDA2FFF16D54DD5006CE8C8 /* home_button@2x.png in Resources */,
				4DDA300016D54DD5006CE8C8 /* background@2x.png in Resources */,
				4DDA300116D54DD5006CE8C8 /* settings_button@2x.png in Resources */,
			);
			runOnlyForDeploymentPostprocessing = 0;
		};
/* End PBXResourcesBuildPhase section */

/* Begin PBXSourcesBuildPhase section */
		4DD462FD16B97FE10038FA89 /* Sources */ = {
			isa = PBXSourcesBuildPhase;
			buildActionMask = 2147483647;
			files = (
				4DD4631216B97FE10038FA89 /* main.m in Sources */,
				4DD4631616B97FE10038FA89 /* SVAppDelegate.m in Sources */,
				4DD4632416B981A10038FA89 /* SVRootViewController.m in Sources */,
				4DD4632716B981B00038FA89 /* SVSettingsViewController.m in Sources */,
				4DD4632A16B981BD0038FA89 /* SVMoviesViewController.m in Sources */,
				4DD4632D16B981D70038FA89 /* SVDatabase.m in Sources */,
				4DD4633016B981E40038FA89 /* SVMoviesSyncManager.m in Sources */,
				4DD4634016B983000038FA89 /* SVTmdbWatchListRequest.m in Sources */,
				4DD4634316B983470038FA89 /* SVRTDvdReleaseDateRequest.m in Sources */,
				4DD4634616B983560038FA89 /* SVJsonRequest.m in Sources */,
				4DD4634916B983610038FA89 /* SVFileManager.m in Sources */,
				4DD4634C16B9836E0038FA89 /* SVMovie.m in Sources */,
				4DD4635516B9839F0038FA89 /* SVMoviesLoadingView.m in Sources */,
				4DD4635816B983AA0038FA89 /* SVMoviesTopView.m in Sources */,
				4DD4635B16B983C90038FA89 /* SVMovieTableViewCell.m in Sources */,
				4D77EF2316BBF73D00E1ADC3 /* SVTransaction.m in Sources */,
				4D77EF2716BBFEFC00E1ADC3 /* SVQuery.m in Sources */,
				4D77EF3816BC208600E1ADC3 /* SVSettingsSignInView.m in Sources */,
				4D96674316CFA5E70051C349 /* SVImageManager.m in Sources */,
				4D2FD4E216D66CEF00765DD9 /* SVSettingsLogOutView.m in Sources */,
				4DAE806116D79EA000DA09DC /* SVHelper.m in Sources */,
				4D0BEA3D16DA4CCA0070DA53 /* SVMoviesTableViewController.m in Sources */,
			);
			runOnlyForDeploymentPostprocessing = 0;
		};
/* End PBXSourcesBuildPhase section */

/* Begin PBXVariantGroup section */
		4DD4630E16B97FE10038FA89 /* InfoPlist.strings */ = {
			isa = PBXVariantGroup;
			children = (
				4DD4630F16B97FE10038FA89 /* en */,
			);
			name = InfoPlist.strings;
			sourceTree = "<group>";
		};
/* End PBXVariantGroup section */

/* Begin XCBuildConfiguration section */
		4DD4631D16B97FE20038FA89 /* Debug */ = {
			isa = XCBuildConfiguration;
			buildSettings = {
				ALWAYS_SEARCH_USER_PATHS = NO;
				CLANG_CXX_LANGUAGE_STANDARD = "gnu++0x";
				CLANG_CXX_LIBRARY = "libc++";
				CLANG_ENABLE_OBJC_ARC = YES;
				CLANG_WARN_EMPTY_BODY = YES;
				CLANG_WARN__DUPLICATE_METHOD_MATCH = YES;
				"CODE_SIGN_IDENTITY[sdk=iphoneos*]" = "iPhone Developer";
				COPY_PHASE_STRIP = NO;
				GCC_C_LANGUAGE_STANDARD = gnu99;
				GCC_DYNAMIC_NO_PIC = NO;
				GCC_OPTIMIZATION_LEVEL = 0;
				GCC_PREPROCESSOR_DEFINITIONS = (
					"DEBUG=1",
					"$(inherited)",
				);
				GCC_SYMBOLS_PRIVATE_EXTERN = NO;
				GCC_WARN_ABOUT_RETURN_TYPE = YES;
				GCC_WARN_UNINITIALIZED_AUTOS = YES;
				GCC_WARN_UNUSED_VARIABLE = YES;
				IPHONEOS_DEPLOYMENT_TARGET = 6.0;
				ONLY_ACTIVE_ARCH = YES;
				SDKROOT = iphoneos;
			};
			name = Debug;
		};
		4DD4631E16B97FE20038FA89 /* Release */ = {
			isa = XCBuildConfiguration;
			buildSettings = {
				ALWAYS_SEARCH_USER_PATHS = NO;
				CLANG_CXX_LANGUAGE_STANDARD = "gnu++0x";
				CLANG_CXX_LIBRARY = "libc++";
				CLANG_ENABLE_OBJC_ARC = YES;
				CLANG_WARN_EMPTY_BODY = YES;
				CLANG_WARN__DUPLICATE_METHOD_MATCH = YES;
				"CODE_SIGN_IDENTITY[sdk=iphoneos*]" = "iPhone Developer";
				COPY_PHASE_STRIP = YES;
				GCC_C_LANGUAGE_STANDARD = gnu99;
				GCC_WARN_ABOUT_RETURN_TYPE = YES;
				GCC_WARN_UNINITIALIZED_AUTOS = YES;
				GCC_WARN_UNUSED_VARIABLE = YES;
				IPHONEOS_DEPLOYMENT_TARGET = 6.0;
				OTHER_CFLAGS = "-DNS_BLOCK_ASSERTIONS=1";
				SDKROOT = iphoneos;
				VALIDATE_PRODUCT = YES;
			};
			name = Release;
		};
		4DD4632016B97FE20038FA89 /* Debug */ = {
			isa = XCBuildConfiguration;
			buildSettings = {
				GCC_PRECOMPILE_PREFIX_HEADER = YES;
				GCC_PREFIX_HEADER = "Movies/Movies-Prefix.pch";
				INFOPLIST_FILE = "Movies/Movies-Info.plist";
				PRODUCT_NAME = "$(TARGET_NAME)";
				WRAPPER_EXTENSION = app;
			};
			name = Debug;
		};
		4DD4632116B97FE20038FA89 /* Release */ = {
			isa = XCBuildConfiguration;
			buildSettings = {
				GCC_PRECOMPILE_PREFIX_HEADER = YES;
				GCC_PREFIX_HEADER = "Movies/Movies-Prefix.pch";
				INFOPLIST_FILE = "Movies/Movies-Info.plist";
				PRODUCT_NAME = "$(TARGET_NAME)";
				WRAPPER_EXTENSION = app;
			};
			name = Release;
		};
/* End XCBuildConfiguration section */

/* Begin XCConfigurationList section */
		4DD462FB16B97FE10038FA89 /* Build configuration list for PBXProject "Movies" */ = {
			isa = XCConfigurationList;
			buildConfigurations = (
				4DD4631D16B97FE20038FA89 /* Debug */,
				4DD4631E16B97FE20038FA89 /* Release */,
			);
			defaultConfigurationIsVisible = 0;
			defaultConfigurationName = Release;
		};
		4DD4631F16B97FE20038FA89 /* Build configuration list for PBXNativeTarget "Movies" */ = {
			isa = XCConfigurationList;
			buildConfigurations = (
				4DD4632016B97FE20038FA89 /* Debug */,
				4DD4632116B97FE20038FA89 /* Release */,
			);
			defaultConfigurationIsVisible = 0;
			defaultConfigurationName = Release;
		};
/* End XCConfigurationList section */
	};
	rootObject = 4DD462F816B97FE10038FA89 /* Project object */;
}
